// !$*UTF8*$!
{
	archiveVersion = 1;
	classes = {
	};
	objectVersion = 48;
	objects = {

/* Begin PBXBuildFile section */
		39E691030ACBDA74E63AAB8D /* Pods_PlantApp.framework in Frameworks */ = {isa = PBXBuildFile; fileRef = EF064C1BC08C19DFCFE7305C /* Pods_PlantApp.framework */; };
		44C01FCF21A22DB100B7855B /* MyCollectionViewCell.swift in Sources */ = {isa = PBXBuildFile; fileRef = 44C01FCE21A22DB100B7855B /* MyCollectionViewCell.swift */; };
		44C01FD121A22F2A00B7855B /* CollectionViewController.swift in Sources */ = {isa = PBXBuildFile; fileRef = 44C01FD021A22F2A00B7855B /* CollectionViewController.swift */; };
		44EE3AFF21A261940040B707 /* CustomCell.swift in Sources */ = {isa = PBXBuildFile; fileRef = 44EE3AFE21A261940040B707 /* CustomCell.swift */; };
		A938CCF721D96F9F004F28D2 /* ProfileControllerTableViewCell.swift in Sources */ = {isa = PBXBuildFile; fileRef = A938CCF621D96F9F004F28D2 /* ProfileControllerTableViewCell.swift */; };
		A96BD06E1FE96F080014F9C9 /* AppDelegate.swift in Sources */ = {isa = PBXBuildFile; fileRef = A96BD06D1FE96F080014F9C9 /* AppDelegate.swift */; };
		A96BD0731FE96F080014F9C9 /* Main.storyboard in Resources */ = {isa = PBXBuildFile; fileRef = A96BD0711FE96F080014F9C9 /* Main.storyboard */; };
		A96BD0751FE96F080014F9C9 /* Assets.xcassets in Resources */ = {isa = PBXBuildFile; fileRef = A96BD0741FE96F080014F9C9 /* Assets.xcassets */; };
		A96BD0781FE96F080014F9C9 /* LaunchScreen.storyboard in Resources */ = {isa = PBXBuildFile; fileRef = A96BD0761FE96F080014F9C9 /* LaunchScreen.storyboard */; };
		A96BD0831FE96F080014F9C9 /* PlantAppTests.swift in Sources */ = {isa = PBXBuildFile; fileRef = A96BD0821FE96F080014F9C9 /* PlantAppTests.swift */; };
		A96BD08E1FE96F080014F9C9 /* PlantAppUITests.swift in Sources */ = {isa = PBXBuildFile; fileRef = A96BD08D1FE96F080014F9C9 /* PlantAppUITests.swift */; };
		A96BD09C1FE975E20014F9C9 /* LoginController.swift in Sources */ = {isa = PBXBuildFile; fileRef = A96BD09B1FE975E20014F9C9 /* LoginController.swift */; };
		A96BD0A01FE9811D0014F9C9 /* ProfileController.swift in Sources */ = {isa = PBXBuildFile; fileRef = A96BD09F1FE9811D0014F9C9 /* ProfileController.swift */; };
		A9822246224FD754009D44E3 /* ProfileDetailViewController.swift in Sources */ = {isa = PBXBuildFile; fileRef = A9822245224FD754009D44E3 /* ProfileDetailViewController.swift */; };
		A99628BC213241A400A26E04 /* GoogleService-Info.plist in Resources */ = {isa = PBXBuildFile; fileRef = A99628BB213241A400A26E04 /* GoogleService-Info.plist */; };
		A99CFDCE1FEAE671000BE0FF /* AddAPlantController.swift in Sources */ = {isa = PBXBuildFile; fileRef = A99CFDCD1FEAE671000BE0FF /* AddAPlantController.swift */; };
		A9B948D521C55DF500F529E5 /* PlantPost.swift in Sources */ = {isa = PBXBuildFile; fileRef = A9B948D421C55DF500F529E5 /* PlantPost.swift */; };
		A9D289251FE9CCF000D453B6 /* CalendarController.swift in Sources */ = {isa = PBXBuildFile; fileRef = A9D289241FE9CCF000D453B6 /* CalendarController.swift */; };
/* End PBXBuildFile section */

/* Begin PBXContainerItemProxy section */
		A96BD07F1FE96F080014F9C9 /* PBXContainerItemProxy */ = {
			isa = PBXContainerItemProxy;
			containerPortal = A96BD0621FE96F080014F9C9 /* Project object */;
			proxyType = 1;
			remoteGlobalIDString = A96BD0691FE96F080014F9C9;
			remoteInfo = PlantApp;
		};
		A96BD08A1FE96F080014F9C9 /* PBXContainerItemProxy */ = {
			isa = PBXContainerItemProxy;
			containerPortal = A96BD0621FE96F080014F9C9 /* Project object */;
			proxyType = 1;
			remoteGlobalIDString = A96BD0691FE96F080014F9C9;
			remoteInfo = PlantApp;
		};
/* End PBXContainerItemProxy section */

/* Begin PBXFileReference section */
		05EE3C1987BDC8278A27A421 /* Pods-PlantApp.release.xcconfig */ = {isa = PBXFileReference; includeInIndex = 1; lastKnownFileType = text.xcconfig; name = "Pods-PlantApp.release.xcconfig"; path = "Pods/Target Support Files/Pods-PlantApp/Pods-PlantApp.release.xcconfig"; sourceTree = "<group>"; };
		44C01FCE21A22DB100B7855B /* MyCollectionViewCell.swift */ = {isa = PBXFileReference; fileEncoding = 4; lastKnownFileType = sourcecode.swift; path = MyCollectionViewCell.swift; sourceTree = "<group>"; };
		44C01FD021A22F2A00B7855B /* CollectionViewController.swift */ = {isa = PBXFileReference; fileEncoding = 4; lastKnownFileType = sourcecode.swift; path = CollectionViewController.swift; sourceTree = "<group>"; };
		44EE3AFE21A261940040B707 /* CustomCell.swift */ = {isa = PBXFileReference; fileEncoding = 4; lastKnownFileType = sourcecode.swift; path = CustomCell.swift; sourceTree = "<group>"; };
		452C481D59D124CB68C68A3A /* Pods-PlantApp.debug.xcconfig */ = {isa = PBXFileReference; includeInIndex = 1; lastKnownFileType = text.xcconfig; name = "Pods-PlantApp.debug.xcconfig"; path = "Pods/Target Support Files/Pods-PlantApp/Pods-PlantApp.debug.xcconfig"; sourceTree = "<group>"; };
		A938CCF621D96F9F004F28D2 /* ProfileControllerTableViewCell.swift */ = {isa = PBXFileReference; lastKnownFileType = sourcecode.swift; path = ProfileControllerTableViewCell.swift; sourceTree = "<group>"; };
		A96BD06A1FE96F080014F9C9 /* PlantApp.app */ = {isa = PBXFileReference; explicitFileType = wrapper.application; includeInIndex = 0; path = PlantApp.app; sourceTree = BUILT_PRODUCTS_DIR; };
		A96BD06D1FE96F080014F9C9 /* AppDelegate.swift */ = {isa = PBXFileReference; lastKnownFileType = sourcecode.swift; path = AppDelegate.swift; sourceTree = "<group>"; };
		A96BD0721FE96F080014F9C9 /* Base */ = {isa = PBXFileReference; lastKnownFileType = file.storyboard; name = Base; path = Base.lproj/Main.storyboard; sourceTree = "<group>"; };
		A96BD0741FE96F080014F9C9 /* Assets.xcassets */ = {isa = PBXFileReference; lastKnownFileType = folder.assetcatalog; path = Assets.xcassets; sourceTree = "<group>"; };
		A96BD0771FE96F080014F9C9 /* Base */ = {isa = PBXFileReference; lastKnownFileType = file.storyboard; name = Base; path = Base.lproj/LaunchScreen.storyboard; sourceTree = "<group>"; };
		A96BD0791FE96F080014F9C9 /* Info.plist */ = {isa = PBXFileReference; lastKnownFileType = text.plist.xml; path = Info.plist; sourceTree = "<group>"; };
		A96BD07E1FE96F080014F9C9 /* PlantAppTests.xctest */ = {isa = PBXFileReference; explicitFileType = wrapper.cfbundle; includeInIndex = 0; path = PlantAppTests.xctest; sourceTree = BUILT_PRODUCTS_DIR; };
		A96BD0821FE96F080014F9C9 /* PlantAppTests.swift */ = {isa = PBXFileReference; lastKnownFileType = sourcecode.swift; path = PlantAppTests.swift; sourceTree = "<group>"; };
		A96BD0841FE96F080014F9C9 /* Info.plist */ = {isa = PBXFileReference; lastKnownFileType = text.plist.xml; path = Info.plist; sourceTree = "<group>"; };
		A96BD0891FE96F080014F9C9 /* PlantAppUITests.xctest */ = {isa = PBXFileReference; explicitFileType = wrapper.cfbundle; includeInIndex = 0; path = PlantAppUITests.xctest; sourceTree = BUILT_PRODUCTS_DIR; };
		A96BD08D1FE96F080014F9C9 /* PlantAppUITests.swift */ = {isa = PBXFileReference; lastKnownFileType = sourcecode.swift; path = PlantAppUITests.swift; sourceTree = "<group>"; };
		A96BD08F1FE96F080014F9C9 /* Info.plist */ = {isa = PBXFileReference; lastKnownFileType = text.plist.xml; path = Info.plist; sourceTree = "<group>"; };
		A96BD09B1FE975E20014F9C9 /* LoginController.swift */ = {isa = PBXFileReference; lastKnownFileType = sourcecode.swift; path = LoginController.swift; sourceTree = "<group>"; };
		A96BD09F1FE9811D0014F9C9 /* ProfileController.swift */ = {isa = PBXFileReference; lastKnownFileType = sourcecode.swift; path = ProfileController.swift; sourceTree = "<group>"; };
		A9822245224FD754009D44E3 /* ProfileDetailViewController.swift */ = {isa = PBXFileReference; lastKnownFileType = sourcecode.swift; path = ProfileDetailViewController.swift; sourceTree = "<group>"; };
		A99628BB213241A400A26E04 /* GoogleService-Info.plist */ = {isa = PBXFileReference; fileEncoding = 4; lastKnownFileType = text.plist.xml; path = "GoogleService-Info.plist"; sourceTree = "<group>"; };
		A99CFDCD1FEAE671000BE0FF /* AddAPlantController.swift */ = {isa = PBXFileReference; lastKnownFileType = sourcecode.swift; path = AddAPlantController.swift; sourceTree = "<group>"; };
		A9B948D421C55DF500F529E5 /* PlantPost.swift */ = {isa = PBXFileReference; lastKnownFileType = sourcecode.swift; path = PlantPost.swift; sourceTree = "<group>"; };
		A9D289241FE9CCF000D453B6 /* CalendarController.swift */ = {isa = PBXFileReference; lastKnownFileType = sourcecode.swift; path = CalendarController.swift; sourceTree = "<group>"; };
		EF064C1BC08C19DFCFE7305C /* Pods_PlantApp.framework */ = {isa = PBXFileReference; explicitFileType = wrapper.framework; includeInIndex = 0; path = Pods_PlantApp.framework; sourceTree = BUILT_PRODUCTS_DIR; };
/* End PBXFileReference section */

/* Begin PBXFrameworksBuildPhase section */
		A96BD0671FE96F080014F9C9 /* Frameworks */ = {
			isa = PBXFrameworksBuildPhase;
			buildActionMask = 2147483647;
			files = (
				39E691030ACBDA74E63AAB8D /* Pods_PlantApp.framework in Frameworks */,
			);
			runOnlyForDeploymentPostprocessing = 0;
		};
		A96BD07B1FE96F080014F9C9 /* Frameworks */ = {
			isa = PBXFrameworksBuildPhase;
			buildActionMask = 2147483647;
			files = (
			);
			runOnlyForDeploymentPostprocessing = 0;
		};
		A96BD0861FE96F080014F9C9 /* Frameworks */ = {
			isa = PBXFrameworksBuildPhase;
			buildActionMask = 2147483647;
			files = (
			);
			runOnlyForDeploymentPostprocessing = 0;
		};
/* End PBXFrameworksBuildPhase section */

/* Begin PBXGroup section */
		55890CA486677AD1FB925A0E /* Frameworks */ = {
			isa = PBXGroup;
			children = (
				EF064C1BC08C19DFCFE7305C /* Pods_PlantApp.framework */,
			);
			name = Frameworks;
			sourceTree = "<group>";
		};
		A7019C556FA5C37BF3722155 /* Pods */ = {
			isa = PBXGroup;
			children = (
				452C481D59D124CB68C68A3A /* Pods-PlantApp.debug.xcconfig */,
				05EE3C1987BDC8278A27A421 /* Pods-PlantApp.release.xcconfig */,
			);
			name = Pods;
			sourceTree = "<group>";
		};
		A96BD0611FE96F080014F9C9 = {
			isa = PBXGroup;
			children = (
				A9B948D321C55DDC00F529E5 /* Model */,
				A96BD06C1FE96F080014F9C9 /* PlantApp */,
				A96BD0811FE96F080014F9C9 /* PlantAppTests */,
				A96BD08C1FE96F080014F9C9 /* PlantAppUITests */,
				A96BD06B1FE96F080014F9C9 /* Products */,
				A7019C556FA5C37BF3722155 /* Pods */,
				55890CA486677AD1FB925A0E /* Frameworks */,
			);
			sourceTree = "<group>";
		};
		A96BD06B1FE96F080014F9C9 /* Products */ = {
			isa = PBXGroup;
			children = (
				A96BD06A1FE96F080014F9C9 /* PlantApp.app */,
				A96BD07E1FE96F080014F9C9 /* PlantAppTests.xctest */,
				A96BD0891FE96F080014F9C9 /* PlantAppUITests.xctest */,
			);
			name = Products;
			sourceTree = "<group>";
		};
		A96BD06C1FE96F080014F9C9 /* PlantApp */ = {
			isa = PBXGroup;
			children = (
				44C01FCE21A22DB100B7855B /* MyCollectionViewCell.swift */,
				A9822245224FD754009D44E3 /* ProfileDetailViewController.swift */,
				44C01FD021A22F2A00B7855B /* CollectionViewController.swift */,
				A96BD06D1FE96F080014F9C9 /* AppDelegate.swift */,
				44EE3AFE21A261940040B707 /* CustomCell.swift */,
				A9D289241FE9CCF000D453B6 /* CalendarController.swift */,
				A96BD09B1FE975E20014F9C9 /* LoginController.swift */,
				A99CFDCD1FEAE671000BE0FF /* AddAPlantController.swift */,
				A938CCF621D96F9F004F28D2 /* ProfileControllerTableViewCell.swift */,
				A96BD09F1FE9811D0014F9C9 /* ProfileController.swift */,
				A96BD0711FE96F080014F9C9 /* Main.storyboard */,
				A96BD0761FE96F080014F9C9 /* LaunchScreen.storyboard */,
				A96BD0741FE96F080014F9C9 /* Assets.xcassets */,
				A99628BB213241A400A26E04 /* GoogleService-Info.plist */,
				A96BD0791FE96F080014F9C9 /* Info.plist */,
			);
			path = PlantApp;
			sourceTree = "<group>";
		};
		A96BD0811FE96F080014F9C9 /* PlantAppTests */ = {
			isa = PBXGroup;
			children = (
				A96BD0821FE96F080014F9C9 /* PlantAppTests.swift */,
				A96BD0841FE96F080014F9C9 /* Info.plist */,
			);
			path = PlantAppTests;
			sourceTree = "<group>";
		};
		A96BD08C1FE96F080014F9C9 /* PlantAppUITests */ = {
			isa = PBXGroup;
			children = (
				A96BD08D1FE96F080014F9C9 /* PlantAppUITests.swift */,
				A96BD08F1FE96F080014F9C9 /* Info.plist */,
			);
			path = PlantAppUITests;
			sourceTree = "<group>";
		};
		A9B948D321C55DDC00F529E5 /* Model */ = {
			isa = PBXGroup;
			children = (
				A9B948D421C55DF500F529E5 /* PlantPost.swift */,
			);
			path = Model;
			sourceTree = "<group>";
		};
/* End PBXGroup section */

/* Begin PBXNativeTarget section */
		A96BD0691FE96F080014F9C9 /* PlantApp */ = {
			isa = PBXNativeTarget;
			buildConfigurationList = A96BD0921FE96F080014F9C9 /* Build configuration list for PBXNativeTarget "PlantApp" */;
			buildPhases = (
				A42F6DE4115C0270BB01561F /* [CP] Check Pods Manifest.lock */,
				A96BD0661FE96F080014F9C9 /* Sources */,
				A96BD0671FE96F080014F9C9 /* Frameworks */,
				A96BD0681FE96F080014F9C9 /* Resources */,
				3419548140841BC41C6A7D3F /* [CP] Embed Pods Frameworks */,
				F9B8D8211E8DBA3A36F1DC12 /* [CP] Copy Pods Resources */,
			);
			buildRules = (
			);
			dependencies = (
			);
			name = PlantApp;
			productName = PlantApp;
			productReference = A96BD06A1FE96F080014F9C9 /* PlantApp.app */;
			productType = "com.apple.product-type.application";
		};
		A96BD07D1FE96F080014F9C9 /* PlantAppTests */ = {
			isa = PBXNativeTarget;
			buildConfigurationList = A96BD0951FE96F080014F9C9 /* Build configuration list for PBXNativeTarget "PlantAppTests" */;
			buildPhases = (
				A96BD07A1FE96F080014F9C9 /* Sources */,
				A96BD07B1FE96F080014F9C9 /* Frameworks */,
				A96BD07C1FE96F080014F9C9 /* Resources */,
			);
			buildRules = (
			);
			dependencies = (
				A96BD0801FE96F080014F9C9 /* PBXTargetDependency */,
			);
			name = PlantAppTests;
			productName = PlantAppTests;
			productReference = A96BD07E1FE96F080014F9C9 /* PlantAppTests.xctest */;
			productType = "com.apple.product-type.bundle.unit-test";
		};
		A96BD0881FE96F080014F9C9 /* PlantAppUITests */ = {
			isa = PBXNativeTarget;
			buildConfigurationList = A96BD0981FE96F080014F9C9 /* Build configuration list for PBXNativeTarget "PlantAppUITests" */;
			buildPhases = (
				A96BD0851FE96F080014F9C9 /* Sources */,
				A96BD0861FE96F080014F9C9 /* Frameworks */,
				A96BD0871FE96F080014F9C9 /* Resources */,
			);
			buildRules = (
			);
			dependencies = (
				A96BD08B1FE96F080014F9C9 /* PBXTargetDependency */,
			);
			name = PlantAppUITests;
			productName = PlantAppUITests;
			productReference = A96BD0891FE96F080014F9C9 /* PlantAppUITests.xctest */;
			productType = "com.apple.product-type.bundle.ui-testing";
		};
/* End PBXNativeTarget section */

/* Begin PBXProject section */
		A96BD0621FE96F080014F9C9 /* Project object */ = {
			isa = PBXProject;
			attributes = {
				LastSwiftUpdateCheck = 0920;
				LastUpgradeCheck = 1010;
				ORGANIZATIONNAME = "Ian Perfitt";
				TargetAttributes = {
					A96BD0691FE96F080014F9C9 = {
						CreatedOnToolsVersion = 9.2;
						LastSwiftMigration = 0820;
						ProvisioningStyle = Automatic;
					};
					A96BD07D1FE96F080014F9C9 = {
						CreatedOnToolsVersion = 9.2;
						ProvisioningStyle = Automatic;
						TestTargetID = A96BD0691FE96F080014F9C9;
					};
					A96BD0881FE96F080014F9C9 = {
						CreatedOnToolsVersion = 9.2;
						ProvisioningStyle = Automatic;
						TestTargetID = A96BD0691FE96F080014F9C9;
					};
				};
			};
			buildConfigurationList = A96BD0651FE96F080014F9C9 /* Build configuration list for PBXProject "PlantApp" */;
			compatibilityVersion = "Xcode 8.0";
			developmentRegion = en;
			hasScannedForEncodings = 0;
			knownRegions = (
				en,
				Base,
			);
			mainGroup = A96BD0611FE96F080014F9C9;
			productRefGroup = A96BD06B1FE96F080014F9C9 /* Products */;
			projectDirPath = "";
			projectRoot = "";
			targets = (
				A96BD0691FE96F080014F9C9 /* PlantApp */,
				A96BD07D1FE96F080014F9C9 /* PlantAppTests */,
				A96BD0881FE96F080014F9C9 /* PlantAppUITests */,
			);
		};
/* End PBXProject section */

/* Begin PBXResourcesBuildPhase section */
		A96BD0681FE96F080014F9C9 /* Resources */ = {
			isa = PBXResourcesBuildPhase;
			buildActionMask = 2147483647;
			files = (
				A96BD0781FE96F080014F9C9 /* LaunchScreen.storyboard in Resources */,
				A99628BC213241A400A26E04 /* GoogleService-Info.plist in Resources */,
				A96BD0751FE96F080014F9C9 /* Assets.xcassets in Resources */,
				A96BD0731FE96F080014F9C9 /* Main.storyboard in Resources */,
			);
			runOnlyForDeploymentPostprocessing = 0;
		};
		A96BD07C1FE96F080014F9C9 /* Resources */ = {
			isa = PBXResourcesBuildPhase;
			buildActionMask = 2147483647;
			files = (
			);
			runOnlyForDeploymentPostprocessing = 0;
		};
		A96BD0871FE96F080014F9C9 /* Resources */ = {
			isa = PBXResourcesBuildPhase;
			buildActionMask = 2147483647;
			files = (
			);
			runOnlyForDeploymentPostprocessing = 0;
		};
/* End PBXResourcesBuildPhase section */

/* Begin PBXShellScriptBuildPhase section */
		3419548140841BC41C6A7D3F /* [CP] Embed Pods Frameworks */ = {
			isa = PBXShellScriptBuildPhase;
			buildActionMask = 2147483647;
			files = (
			);
			inputPaths = (
				"${SRCROOT}/Pods/Target Support Files/Pods-PlantApp/Pods-PlantApp-frameworks.sh",
				"${BUILT_PRODUCTS_DIR}/GTMSessionFetcher/GTMSessionFetcher.framework",
				"${BUILT_PRODUCTS_DIR}/GoogleToolboxForMac/GoogleToolboxForMac.framework",
				"${BUILT_PRODUCTS_DIR}/JTAppleCalendar/JTAppleCalendar.framework",
				"${BUILT_PRODUCTS_DIR}/SwiftyJSON/SwiftyJSON.framework",
				"${BUILT_PRODUCTS_DIR}/leveldb-library/leveldb.framework",
				"${BUILT_PRODUCTS_DIR}/nanopb/nanopb.framework",
			);
			name = "[CP] Embed Pods Frameworks";
			outputPaths = (
				"${TARGET_BUILD_DIR}/${FRAMEWORKS_FOLDER_PATH}/GTMSessionFetcher.framework",
				"${TARGET_BUILD_DIR}/${FRAMEWORKS_FOLDER_PATH}/GoogleToolboxForMac.framework",
				"${TARGET_BUILD_DIR}/${FRAMEWORKS_FOLDER_PATH}/JTAppleCalendar.framework",
				"${TARGET_BUILD_DIR}/${FRAMEWORKS_FOLDER_PATH}/SwiftyJSON.framework",
				"${TARGET_BUILD_DIR}/${FRAMEWORKS_FOLDER_PATH}/leveldb.framework",
				"${TARGET_BUILD_DIR}/${FRAMEWORKS_FOLDER_PATH}/nanopb.framework",
			);
			runOnlyForDeploymentPostprocessing = 0;
			shellPath = /bin/sh;
			shellScript = "\"${SRCROOT}/Pods/Target Support Files/Pods-PlantApp/Pods-PlantApp-frameworks.sh\"\n";
			showEnvVarsInLog = 0;
		};
		A42F6DE4115C0270BB01561F /* [CP] Check Pods Manifest.lock */ = {
			isa = PBXShellScriptBuildPhase;
			buildActionMask = 2147483647;
			files = (
			);
			inputPaths = (
				"${PODS_PODFILE_DIR_PATH}/Podfile.lock",
				"${PODS_ROOT}/Manifest.lock",
			);
			name = "[CP] Check Pods Manifest.lock";
			outputPaths = (
				"$(DERIVED_FILE_DIR)/Pods-PlantApp-checkManifestLockResult.txt",
			);
			runOnlyForDeploymentPostprocessing = 0;
			shellPath = /bin/sh;
			shellScript = "diff \"${PODS_PODFILE_DIR_PATH}/Podfile.lock\" \"${PODS_ROOT}/Manifest.lock\" > /dev/null\nif [ $? != 0 ] ; then\n    # print error to STDERR\n    echo \"error: The sandbox is not in sync with the Podfile.lock. Run 'pod install' or update your CocoaPods installation.\" >&2\n    exit 1\nfi\n# This output is used by Xcode 'outputs' to avoid re-running this script phase.\necho \"SUCCESS\" > \"${SCRIPT_OUTPUT_FILE_0}\"\n";
			showEnvVarsInLog = 0;
		};
		F9B8D8211E8DBA3A36F1DC12 /* [CP] Copy Pods Resources */ = {
			isa = PBXShellScriptBuildPhase;
			buildActionMask = 2147483647;
			files = (
			);
			inputPaths = (
			);
			name = "[CP] Copy Pods Resources";
			outputPaths = (
			);
			runOnlyForDeploymentPostprocessing = 0;
			shellPath = /bin/sh;
			shellScript = "\"${SRCROOT}/Pods/Target Support Files/Pods-PlantApp/Pods-PlantApp-resources.sh\"\n";
			showEnvVarsInLog = 0;
		};
/* End PBXShellScriptBuildPhase section */

/* Begin PBXSourcesBuildPhase section */
		A96BD0661FE96F080014F9C9 /* Sources */ = {
			isa = PBXSourcesBuildPhase;
			buildActionMask = 2147483647;
			files = (
				A96BD09C1FE975E20014F9C9 /* LoginController.swift in Sources */,
				A96BD06E1FE96F080014F9C9 /* AppDelegate.swift in Sources */,
				44C01FCF21A22DB100B7855B /* MyCollectionViewCell.swift in Sources */,
				A9822246224FD754009D44E3 /* ProfileDetailViewController.swift in Sources */,
				A9B948D521C55DF500F529E5 /* PlantPost.swift in Sources */,
				A9D289251FE9CCF000D453B6 /* CalendarController.swift in Sources */,
				44EE3AFF21A261940040B707 /* CustomCell.swift in Sources */,
				44C01FD121A22F2A00B7855B /* CollectionViewController.swift in Sources */,
				A938CCF721D96F9F004F28D2 /* ProfileControllerTableViewCell.swift in Sources */,
				A99CFDCE1FEAE671000BE0FF /* AddAPlantController.swift in Sources */,
				A96BD0A01FE9811D0014F9C9 /* ProfileController.swift in Sources */,
			);
			runOnlyForDeploymentPostprocessing = 0;
		};
		A96BD07A1FE96F080014F9C9 /* Sources */ = {
			isa = PBXSourcesBuildPhase;
			buildActionMask = 2147483647;
			files = (
				A96BD0831FE96F080014F9C9 /* PlantAppTests.swift in Sources */,
			);
			runOnlyForDeploymentPostprocessing = 0;
		};
		A96BD0851FE96F080014F9C9 /* Sources */ = {
			isa = PBXSourcesBuildPhase;
			buildActionMask = 2147483647;
			files = (
				A96BD08E1FE96F080014F9C9 /* PlantAppUITests.swift in Sources */,
			);
			runOnlyForDeploymentPostprocessing = 0;
		};
/* End PBXSourcesBuildPhase section */

/* Begin PBXTargetDependency section */
		A96BD0801FE96F080014F9C9 /* PBXTargetDependency */ = {
			isa = PBXTargetDependency;
			target = A96BD0691FE96F080014F9C9 /* PlantApp */;
			targetProxy = A96BD07F1FE96F080014F9C9 /* PBXContainerItemProxy */;
		};
		A96BD08B1FE96F080014F9C9 /* PBXTargetDependency */ = {
			isa = PBXTargetDependency;
			target = A96BD0691FE96F080014F9C9 /* PlantApp */;
			targetProxy = A96BD08A1FE96F080014F9C9 /* PBXContainerItemProxy */;
		};
/* End PBXTargetDependency section */

/* Begin PBXVariantGroup section */
		A96BD0711FE96F080014F9C9 /* Main.storyboard */ = {
			isa = PBXVariantGroup;
			children = (
				A96BD0721FE96F080014F9C9 /* Base */,
			);
			name = Main.storyboard;
			sourceTree = "<group>";
		};
		A96BD0761FE96F080014F9C9 /* LaunchScreen.storyboard */ = {
			isa = PBXVariantGroup;
			children = (
				A96BD0771FE96F080014F9C9 /* Base */,
			);
			name = LaunchScreen.storyboard;
			sourceTree = "<group>";
		};
/* End PBXVariantGroup section */

/* Begin XCBuildConfiguration section */
		A96BD0901FE96F080014F9C9 /* Debug */ = {
			isa = XCBuildConfiguration;
			buildSettings = {
				ALWAYS_SEARCH_USER_PATHS = NO;
				CLANG_ANALYZER_NONNULL = YES;
				CLANG_ANALYZER_NUMBER_OBJECT_CONVERSION = YES_AGGRESSIVE;
				CLANG_CXX_LANGUAGE_STANDARD = "gnu++14";
				CLANG_CXX_LIBRARY = "libc++";
				CLANG_ENABLE_MODULES = YES;
				CLANG_ENABLE_OBJC_ARC = YES;
				CLANG_WARN_BLOCK_CAPTURE_AUTORELEASING = YES;
				CLANG_WARN_BOOL_CONVERSION = YES;
				CLANG_WARN_COMMA = YES;
				CLANG_WARN_CONSTANT_CONVERSION = YES;
				CLANG_WARN_DEPRECATED_OBJC_IMPLEMENTATIONS = YES;
				CLANG_WARN_DIRECT_OBJC_ISA_USAGE = YES_ERROR;
				CLANG_WARN_DOCUMENTATION_COMMENTS = YES;
				CLANG_WARN_EMPTY_BODY = YES;
				CLANG_WARN_ENUM_CONVERSION = YES;
				CLANG_WARN_INFINITE_RECURSION = YES;
				CLANG_WARN_INT_CONVERSION = YES;
				CLANG_WARN_NON_LITERAL_NULL_CONVERSION = YES;
				CLANG_WARN_OBJC_IMPLICIT_RETAIN_SELF = YES;
				CLANG_WARN_OBJC_LITERAL_CONVERSION = YES;
				CLANG_WARN_OBJC_ROOT_CLASS = YES_ERROR;
				CLANG_WARN_RANGE_LOOP_ANALYSIS = YES;
				CLANG_WARN_STRICT_PROTOTYPES = YES;
				CLANG_WARN_SUSPICIOUS_MOVE = YES;
				CLANG_WARN_UNGUARDED_AVAILABILITY = YES_AGGRESSIVE;
				CLANG_WARN_UNREACHABLE_CODE = YES;
				CLANG_WARN__DUPLICATE_METHOD_MATCH = YES;
				CODE_SIGN_IDENTITY = "iPhone Developer";
				COPY_PHASE_STRIP = NO;
				DEBUG_INFORMATION_FORMAT = dwarf;
				ENABLE_STRICT_OBJC_MSGSEND = YES;
				ENABLE_TESTABILITY = YES;
				GCC_C_LANGUAGE_STANDARD = gnu11;
				GCC_DYNAMIC_NO_PIC = NO;
				GCC_NO_COMMON_BLOCKS = YES;
				GCC_OPTIMIZATION_LEVEL = 0;
				GCC_PREPROCESSOR_DEFINITIONS = (
					"DEBUG=1",
					"$(inherited)",
				);
				GCC_WARN_64_TO_32_BIT_CONVERSION = YES;
				GCC_WARN_ABOUT_RETURN_TYPE = YES_ERROR;
				GCC_WARN_UNDECLARED_SELECTOR = YES;
				GCC_WARN_UNINITIALIZED_AUTOS = YES_AGGRESSIVE;
				GCC_WARN_UNUSED_FUNCTION = YES;
				GCC_WARN_UNUSED_VARIABLE = YES;
				IPHONEOS_DEPLOYMENT_TARGET = 10.2;
				MTL_ENABLE_DEBUG_INFO = YES;
				ONLY_ACTIVE_ARCH = YES;
				SDKROOT = iphoneos;
				SWIFT_ACTIVE_COMPILATION_CONDITIONS = DEBUG;
				SWIFT_OPTIMIZATION_LEVEL = "-Onone";
				SWIFT_VERSION = 2.3;
			};
			name = Debug;
		};
		A96BD0911FE96F080014F9C9 /* Release */ = {
			isa = XCBuildConfiguration;
			buildSettings = {
				ALWAYS_SEARCH_USER_PATHS = NO;
				CLANG_ANALYZER_NONNULL = YES;
				CLANG_ANALYZER_NUMBER_OBJECT_CONVERSION = YES_AGGRESSIVE;
				CLANG_CXX_LANGUAGE_STANDARD = "gnu++14";
				CLANG_CXX_LIBRARY = "libc++";
				CLANG_ENABLE_MODULES = YES;
				CLANG_ENABLE_OBJC_ARC = YES;
				CLANG_WARN_BLOCK_CAPTURE_AUTORELEASING = YES;
				CLANG_WARN_BOOL_CONVERSION = YES;
				CLANG_WARN_COMMA = YES;
				CLANG_WARN_CONSTANT_CONVERSION = YES;
				CLANG_WARN_DEPRECATED_OBJC_IMPLEMENTATIONS = YES;
				CLANG_WARN_DIRECT_OBJC_ISA_USAGE = YES_ERROR;
				CLANG_WARN_DOCUMENTATION_COMMENTS = YES;
				CLANG_WARN_EMPTY_BODY = YES;
				CLANG_WARN_ENUM_CONVERSION = YES;
				CLANG_WARN_INFINITE_RECURSION = YES;
				CLANG_WARN_INT_CONVERSION = YES;
				CLANG_WARN_NON_LITERAL_NULL_CONVERSION = YES;
				CLANG_WARN_OBJC_IMPLICIT_RETAIN_SELF = YES;
				CLANG_WARN_OBJC_LITERAL_CONVERSION = YES;
				CLANG_WARN_OBJC_ROOT_CLASS = YES_ERROR;
				CLANG_WARN_RANGE_LOOP_ANALYSIS = YES;
				CLANG_WARN_STRICT_PROTOTYPES = YES;
				CLANG_WARN_SUSPICIOUS_MOVE = YES;
				CLANG_WARN_UNGUARDED_AVAILABILITY = YES_AGGRESSIVE;
				CLANG_WARN_UNREACHABLE_CODE = YES;
				CLANG_WARN__DUPLICATE_METHOD_MATCH = YES;
				CODE_SIGN_IDENTITY = "iPhone Developer";
				COPY_PHASE_STRIP = NO;
				DEBUG_INFORMATION_FORMAT = "dwarf-with-dsym";
				ENABLE_NS_ASSERTIONS = NO;
				ENABLE_STRICT_OBJC_MSGSEND = YES;
				GCC_C_LANGUAGE_STANDARD = gnu11;
				GCC_NO_COMMON_BLOCKS = YES;
				GCC_WARN_64_TO_32_BIT_CONVERSION = YES;
				GCC_WARN_ABOUT_RETURN_TYPE = YES_ERROR;
				GCC_WARN_UNDECLARED_SELECTOR = YES;
				GCC_WARN_UNINITIALIZED_AUTOS = YES_AGGRESSIVE;
				GCC_WARN_UNUSED_FUNCTION = YES;
				GCC_WARN_UNUSED_VARIABLE = YES;
				IPHONEOS_DEPLOYMENT_TARGET = 10.2;
				MTL_ENABLE_DEBUG_INFO = NO;
				SDKROOT = iphoneos;
				SWIFT_OPTIMIZATION_LEVEL = "-Owholemodule";
				SWIFT_VERSION = 2.3;
				VALIDATE_PRODUCT = YES;
			};
			name = Release;
		};
		A96BD0931FE96F080014F9C9 /* Debug */ = {
			isa = XCBuildConfiguration;
			baseConfigurationReference = 452C481D59D124CB68C68A3A /* Pods-PlantApp.debug.xcconfig */;
			buildSettings = {
				ASSETCATALOG_COMPILER_APPICON_NAME = AppIcon;
				CODE_SIGN_STYLE = Automatic;
				DEVELOPMENT_TEAM = JG93VCUS8R;
				INFOPLIST_FILE = PlantApp/Info.plist;
				IPHONEOS_DEPLOYMENT_TARGET = 10.2;
				LD_RUNPATH_SEARCH_PATHS = "$(inherited) @executable_path/Frameworks";
				NEW_SETTING = "";
				PRODUCT_BUNDLE_IDENTIFIER = PlantApp.PlantApp;
				PRODUCT_NAME = "$(TARGET_NAME)";
				SWIFT_VERSION = 4.0;
				TARGETED_DEVICE_FAMILY = "1,2";
			};
			name = Debug;
		};
		A96BD0941FE96F080014F9C9 /* Release */ = {
			isa = XCBuildConfiguration;
			baseConfigurationReference = 05EE3C1987BDC8278A27A421 /* Pods-PlantApp.release.xcconfig */;
			buildSettings = {
				ASSETCATALOG_COMPILER_APPICON_NAME = AppIcon;
				CODE_SIGN_STYLE = Automatic;
				DEVELOPMENT_TEAM = JG93VCUS8R;
				INFOPLIST_FILE = PlantApp/Info.plist;
				IPHONEOS_DEPLOYMENT_TARGET = 10.2;
				LD_RUNPATH_SEARCH_PATHS = "$(inherited) @executable_path/Frameworks";
				NEW_SETTING = "";
				PRODUCT_BUNDLE_IDENTIFIER = PlantApp.PlantApp;
				PRODUCT_NAME = "$(TARGET_NAME)";
				SWIFT_VERSION = 4.0;
				TARGETED_DEVICE_FAMILY = "1,2";
			};
			name = Release;
		};
		A96BD0961FE96F080014F9C9 /* Debug */ = {
			isa = XCBuildConfiguration;
			buildSettings = {
				ALWAYS_EMBED_SWIFT_STANDARD_LIBRARIES = YES;
				BUNDLE_LOADER = "$(TEST_HOST)";
				CODE_SIGN_STYLE = Automatic;
				DEVELOPMENT_TEAM = JG93VCUS8R;
				INFOPLIST_FILE = PlantAppTests/Info.plist;
				LD_RUNPATH_SEARCH_PATHS = "$(inherited) @executable_path/Frameworks @loader_path/Frameworks";
				PRODUCT_BUNDLE_IDENTIFIER = PlantApp.PlantAppTests;
				PRODUCT_NAME = "$(TARGET_NAME)";
				SWIFT_VERSION = 4.0;
				TARGETED_DEVICE_FAMILY = "1,2";
				TEST_HOST = "$(BUILT_PRODUCTS_DIR)/PlantApp.app/PlantApp";
			};
			name = Debug;
		};
		A96BD0971FE96F080014F9C9 /* Release */ = {
			isa = XCBuildConfiguration;
			buildSettings = {
				ALWAYS_EMBED_SWIFT_STANDARD_LIBRARIES = YES;
				BUNDLE_LOADER = "$(TEST_HOST)";
				CODE_SIGN_STYLE = Automatic;
				DEVELOPMENT_TEAM = JG93VCUS8R;
				INFOPLIST_FILE = PlantAppTests/Info.plist;
				LD_RUNPATH_SEARCH_PATHS = "$(inherited) @executable_path/Frameworks @loader_path/Frameworks";
				PRODUCT_BUNDLE_IDENTIFIER = PlantApp.PlantAppTests;
				PRODUCT_NAME = "$(TARGET_NAME)";
				SWIFT_VERSION = 4.0;
				TARGETED_DEVICE_FAMILY = "1,2";
				TEST_HOST = "$(BUILT_PRODUCTS_DIR)/PlantApp.app/PlantApp";
			};
			name = Release;
		};
		A96BD0991FE96F080014F9C9 /* Debug */ = {
			isa = XCBuildConfiguration;
			buildSettings = {
				ALWAYS_EMBED_SWIFT_STANDARD_LIBRARIES = YES;
				CODE_SIGN_STYLE = Automatic;
				DEVELOPMENT_TEAM = JG93VCUS8R;
				INFOPLIST_FILE = PlantAppUITests/Info.plist;
				IPHONEOS_DEPLOYMENT_TARGET = 10.2;
				LD_RUNPATH_SEARCH_PATHS = "$(inherited) @executable_path/Frameworks @loader_path/Frameworks";
				PRODUCT_BUNDLE_IDENTIFIER = PlantApp.PlantAppUITests;
				PRODUCT_NAME = "$(TARGET_NAME)";
				SWIFT_VERSION = 2.3;
				TARGETED_DEVICE_FAMILY = "1,2";
				TEST_TARGET_NAME = PlantApp;
			};
			name = Debug;
		};
		A96BD09A1FE96F080014F9C9 /* Release */ = {
			isa = XCBuildConfiguration;
			buildSettings = {
				ALWAYS_EMBED_SWIFT_STANDARD_LIBRARIES = YES;
				CODE_SIGN_STYLE = Automatic;
				DEVELOPMENT_TEAM = JG93VCUS8R;
				INFOPLIST_FILE = PlantAppUITests/Info.plist;
				IPHONEOS_DEPLOYMENT_TARGET = 10.2;
				LD_RUNPATH_SEARCH_PATHS = "$(inherited) @executable_path/Frameworks @loader_path/Frameworks";
				PRODUCT_BUNDLE_IDENTIFIER = PlantApp.PlantAppUITests;
				PRODUCT_NAME = "$(TARGET_NAME)";
				SWIFT_VERSION = 2.3;
				TARGETED_DEVICE_FAMILY = "1,2";
				TEST_TARGET_NAME = PlantApp;
			};
			name = Release;
		};
/* End XCBuildConfiguration section */

/* Begin XCConfigurationList section */
		A96BD0651FE96F080014F9C9 /* Build configuration list for PBXProject "PlantApp" */ = {
			isa = XCConfigurationList;
			buildConfigurations = (
				A96BD0901FE96F080014F9C9 /* Debug */,
				A96BD0911FE96F080014F9C9 /* Release */,
			);
			defaultConfigurationIsVisible = 0;
			defaultConfigurationName = Release;
		};
		A96BD0921FE96F080014F9C9 /* Build configuration list for PBXNativeTarget "PlantApp" */ = {
			isa = XCConfigurationList;
			buildConfigurations = (
				A96BD0931FE96F080014F9C9 /* Debug */,
				A96BD0941FE96F080014F9C9 /* Release */,
			);
			defaultConfigurationIsVisible = 0;
			defaultConfigurationName = Release;
		};
		A96BD0951FE96F080014F9C9 /* Build configuration list for PBXNativeTarget "PlantAppTests" */ = {
			isa = XCConfigurationList;
			buildConfigurations = (
				A96BD0961FE96F080014F9C9 /* Debug */,
				A96BD0971FE96F080014F9C9 /* Release */,
			);
			defaultConfigurationIsVisible = 0;
			defaultConfigurationName = Release;
		};
		A96BD0981FE96F080014F9C9 /* Build configuration list for PBXNativeTarget "PlantAppUITests" */ = {
			isa = XCConfigurationList;
			buildConfigurations = (
				A96BD0991FE96F080014F9C9 /* Debug */,
				A96BD09A1FE96F080014F9C9 /* Release */,
			);
			defaultConfigurationIsVisible = 0;
			defaultConfigurationName = Release;
		};
/* End XCConfigurationList section */
	};
	rootObject = A96BD0621FE96F080014F9C9 /* Project object */;
}
